schema-version = 2
project-vendor = "Bottlerocket"

[sdk]
name = "bottlerocket-sdk"
version = "0.64.0"
vendor = "bottlerocket"
source = "public.ecr.aws/bottlerocket/bottlerocket-sdk:v0.64.0"
digest = "kRW2MsSo3jA+rAEO/Mp5gW8Q4/pd62bbB/lT4d5Jzak="

[[kit]]
name = "bottlerocket-kernel-kit"
version = "4.3.0"
vendor = "mgsharm-dev"
source = "992382388798.dkr.ecr.us-west-2.amazonaws.com/bottlerocket-kernel-kit:v4.3.0"
digest = "fa38LjBlOQ5bbW81P3lncQ0JJ+vSu9b7RnU6MBvIPT8="

[[kit]]
name = "bottlerocket-core-kit"
version = "10.7.1"
vendor = "mgsharm-dev"
source = "992382388798.dkr.ecr.us-west-2.amazonaws.com/bottlerocket-core-kit:v10.7.1"
digest = "OccEmLu8gjzSAYZdcD83s600wuxAr7+bayekf45XGlc="
